
Microsoft Visual Studio Solution File, Format Version 12.00
# Visual Studio Version 16
VisualStudioVersion = 16.0.29613.14
MinimumVisualStudioVersion = 10.0.40219.1
Project("{FAE04EC0-301F-11D3-BF4B-00C04F79EFBC}") = "KLTN", "KLTN\KLTN.csproj", "{F42B27E1-6E43-46B4-A38D-1AD1C65EEDD9}"
EndProject
Global
	GlobalSection(SolutionConfigurationPlatforms) = preSolution
		Debug|Any CPU = Debug|Any CPU
		Release|Any CPU = Release|Any CPU
	EndGlobalSection
	GlobalSection(ProjectConfigurationPlatforms) = postSolution
		{F42B27E1-6E43-46B4-A38D-1AD1C65EEDD9}.Debug|Any CPU.ActiveCfg = Debug|Any CPU
		{F42B27E1-6E43-46B4-A38D-1AD1C65EEDD9}.Debug|Any CPU.Build.0 = Debug|Any CPU
		{F42B27E1-6E43-46B4-A38D-1AD1C65EEDD9}.Release|Any CPU.ActiveCfg = Release|Any CPU
		{F42B27E1-6E43-46B4-A38D-1AD1C65EEDD9}.Release|Any CPU.Build.0 = Release|Any CPU
	EndGlobalSection
	GlobalSection(SolutionProperties) = preSolution
		HideSolutionNode = FALSE
	EndGlobalSection
	GlobalSection(ExtensibilityGlobals) = postSolution
		SolutionGuid = {3B7955AA-8DEA-44E8-856E-65E9EBE01BBB}
	EndGlobalSection
EndGlobal
